
Microsoft Visual Studio Solution File, Format Version 12.00
# Visual Studio Version 17
VisualStudioVersion = 17.9.34701.34
MinimumVisualStudioVersion = 10.0.40219.1
Project("{FAE04EC0-301F-11D3-BF4B-00C04F79EFBC}") = "ELibrary", "ELibrary.csproj", "{FA937646-9286-4B39-A802-FF698D3F8007}"
EndProject
Global
	GlobalSection(SolutionConfigurationPlatforms) = preSolution
		Debug|Any CPU = Debug|Any CPU
		Release|Any CPU = Release|Any CPU
	EndGlobalSection
	GlobalSection(ProjectConfigurationPlatforms) = postSolution
		{FA937646-9286-4B39-A802-FF698D3F8007}.Debug|Any CPU.ActiveCfg = Debug|Any CPU
		{FA937646-9286-4B39-A802-FF698D3F8007}.Debug|Any CPU.Build.0 = Debug|Any CPU
		{FA937646-9286-4B39-A802-FF698D3F8007}.Release|Any CPU.ActiveCfg = Release|Any CPU
		{FA937646-9286-4B39-A802-FF698D3F8007}.Release|Any CPU.Build.0 = Release|Any CPU
	EndGlobalSection
	GlobalSection(SolutionProperties) = preSolution
		HideSolutionNode = FALSE
	EndGlobalSection
	GlobalSection(ExtensibilityGlobals) = postSolution
		SolutionGuid = {FE1ABE03-3060-41E3-A19E-9D42B0D0D0CF}
	EndGlobalSection
EndGlobal
